// !$*UTF8*$!
{
	archiveVersion = 1;
	classes = {
	};
	objectVersion = 50;
	objects = {

/* Begin PBXBuildFile section */
		1009F12B25CABAA300E4A47B /* AppDelegate.swift in Sources */ = {isa = PBXBuildFile; fileRef = 1009F12A25CABAA300E4A47B /* AppDelegate.swift */; };
		1009F12D25CABAA300E4A47B /* SceneDelegate.swift in Sources */ = {isa = PBXBuildFile; fileRef = 1009F12C25CABAA300E4A47B /* SceneDelegate.swift */; };
		1009F12F25CABAA300E4A47B /* ViewController.swift in Sources */ = {isa = PBXBuildFile; fileRef = 1009F12E25CABAA300E4A47B /* ViewController.swift */; };
		1009F13225CABAA300E4A47B /* Main.storyboard in Resources */ = {isa = PBXBuildFile; fileRef = 1009F13025CABAA300E4A47B /* Main.storyboard */; };
		1009F13425CABAA500E4A47B /* Assets.xcassets in Resources */ = {isa = PBXBuildFile; fileRef = 1009F13325CABAA500E4A47B /* Assets.xcassets */; };
		1009F13725CABAA500E4A47B /* LaunchScreen.storyboard in Resources */ = {isa = PBXBuildFile; fileRef = 1009F13525CABAA500E4A47B /* LaunchScreen.storyboard */; };
		1009F14525CAD30700E4A47B /* SignInViewController.swift in Sources */ = {isa = PBXBuildFile; fileRef = 1009F14425CAD30700E4A47B /* SignInViewController.swift */; };
		1009F14825CADA8B00E4A47B /* CandyViewController.swift in Sources */ = {isa = PBXBuildFile; fileRef = 1009F14725CADA8B00E4A47B /* CandyViewController.swift */; };
		10A7605825CC326E000D369D /* SignUpViewController.swift in Sources */ = {isa = PBXBuildFile; fileRef = 10A7605725CC326E000D369D /* SignUpViewController.swift */; };
/* End PBXBuildFile section */

/* Begin PBXFileReference section */
		1009F12725CABAA300E4A47B /* Peter_Animation.app */ = {isa = PBXFileReference; explicitFileType = wrapper.application; includeInIndex = 0; path = Peter_Animation.app; sourceTree = BUILT_PRODUCTS_DIR; };
		1009F12A25CABAA300E4A47B /* AppDelegate.swift */ = {isa = PBXFileReference; lastKnownFileType = sourcecode.swift; path = AppDelegate.swift; sourceTree = "<group>"; };
		1009F12C25CABAA300E4A47B /* SceneDelegate.swift */ = {isa = PBXFileReference; lastKnownFileType = sourcecode.swift; path = SceneDelegate.swift; sourceTree = "<group>"; };
		1009F12E25CABAA300E4A47B /* ViewController.swift */ = {isa = PBXFileReference; lastKnownFileType = sourcecode.swift; path = ViewController.swift; sourceTree = "<group>"; };
		1009F13125CABAA300E4A47B /* Base */ = {isa = PBXFileReference; lastKnownFileType = file.storyboard; name = Base; path = Base.lproj/Main.storyboard; sourceTree = "<group>"; };
		1009F13325CABAA500E4A47B /* Assets.xcassets */ = {isa = PBXFileReference; lastKnownFileType = folder.assetcatalog; path = Assets.xcassets; sourceTree = "<group>"; };
		1009F13625CABAA500E4A47B /* Base */ = {isa = PBXFileReference; lastKnownFileType = file.storyboard; name = Base; path = Base.lproj/LaunchScreen.storyboard; sourceTree = "<group>"; };
		1009F13825CABAA500E4A47B /* Info.plist */ = {isa = PBXFileReference; lastKnownFileType = text.plist.xml; path = Info.plist; sourceTree = "<group>"; };
		1009F14425CAD30700E4A47B /* SignInViewController.swift */ = {isa = PBXFileReference; lastKnownFileType = sourcecode.swift; path = SignInViewController.swift; sourceTree = "<group>"; };
		1009F14725CADA8B00E4A47B /* CandyViewController.swift */ = {isa = PBXFileReference; lastKnownFileType = sourcecode.swift; path = CandyViewController.swift; sourceTree = "<group>"; };
		10A7605725CC326E000D369D /* SignUpViewController.swift */ = {isa = PBXFileReference; lastKnownFileType = sourcecode.swift; path = SignUpViewController.swift; sourceTree = "<group>"; };
/* End PBXFileReference section */

/* Begin PBXFrameworksBuildPhase section */
		1009F12425CABAA300E4A47B /* Frameworks */ = {
			isa = PBXFrameworksBuildPhase;
			buildActionMask = 2147483647;
			files = (
			);
			runOnlyForDeploymentPostprocessing = 0;
		};
/* End PBXFrameworksBuildPhase section */

/* Begin PBXGroup section */
		1009F11E25CABAA300E4A47B = {
			isa = PBXGroup;
			children = (
				1009F12925CABAA300E4A47B /* Peter_Animation */,
				1009F12825CABAA300E4A47B /* Products */,
			);
			sourceTree = "<group>";
		};
		1009F12825CABAA300E4A47B /* Products */ = {
			isa = PBXGroup;
			children = (
				1009F12725CABAA300E4A47B /* Peter_Animation.app */,
			);
			name = Products;
			sourceTree = "<group>";
		};
		1009F12925CABAA300E4A47B /* Peter_Animation */ = {
			isa = PBXGroup;
			children = (
				1009F12A25CABAA300E4A47B /* AppDelegate.swift */,
				1009F14425CAD30700E4A47B /* SignInViewController.swift */,
				10A7605725CC326E000D369D /* SignUpViewController.swift */,
				1009F12E25CABAA300E4A47B /* ViewController.swift */,
				1009F12C25CABAA300E4A47B /* SceneDelegate.swift */,
				1009F13025CABAA300E4A47B /* Main.storyboard */,
				1009F14725CADA8B00E4A47B /* CandyViewController.swift */,
				1009F13325CABAA500E4A47B /* Assets.xcassets */,
				1009F13525CABAA500E4A47B /* LaunchScreen.storyboard */,
				1009F13825CABAA500E4A47B /* Info.plist */,
			);
			path = Peter_Animation;
			sourceTree = "<group>";
		};
/* End PBXGroup section */

/* Begin PBXNativeTarget section */
		1009F12625CABAA300E4A47B /* Peter_Animation */ = {
			isa = PBXNativeTarget;
			buildConfigurationList = 1009F13B25CABAA500E4A47B /* Build configuration list for PBXNativeTarget "Peter_Animation" */;
			buildPhases = (
				1009F12325CABAA300E4A47B /* Sources */,
				1009F12425CABAA300E4A47B /* Frameworks */,
				1009F12525CABAA300E4A47B /* Resources */,
			);
			buildRules = (
			);
			dependencies = (
			);
			name = Peter_Animation;
			productName = Peter_Animation;
			productReference = 1009F12725CABAA300E4A47B /* Peter_Animation.app */;
			productType = "com.apple.product-type.application";
		};
/* End PBXNativeTarget section */

/* Begin PBXProject section */
		1009F11F25CABAA300E4A47B /* Project object */ = {
			isa = PBXProject;
			attributes = {
				LastSwiftUpdateCheck = 1240;
				LastUpgradeCheck = 1240;
				TargetAttributes = {
					1009F12625CABAA300E4A47B = {
						CreatedOnToolsVersion = 12.4;
					};
				};
			};
			buildConfigurationList = 1009F12225CABAA300E4A47B /* Build configuration list for PBXProject "Peter_Animation" */;
			compatibilityVersion = "Xcode 9.3";
			developmentRegion = en;
			hasScannedForEncodings = 0;
			knownRegions = (
				en,
				Base,
			);
			mainGroup = 1009F11E25CABAA300E4A47B;
			productRefGroup = 1009F12825CABAA300E4A47B /* Products */;
			projectDirPath = "";
			projectRoot = "";
			targets = (
				1009F12625CABAA300E4A47B /* Peter_Animation */,
			);
		};
/* End PBXProject section */

/* Begin PBXResourcesBuildPhase section */
		1009F12525CABAA300E4A47B /* Resources */ = {
			isa = PBXResourcesBuildPhase;
			buildActionMask = 2147483647;
			files = (
				1009F13725CABAA500E4A47B /* LaunchScreen.storyboard in Resources */,
				1009F13425CABAA500E4A47B /* Assets.xcassets in Resources */,
				1009F13225CABAA300E4A47B /* Main.storyboard in Resources */,
			);
			runOnlyForDeploymentPostprocessing = 0;
		};
/* End PBXResourcesBuildPhase section */

/* Begin PBXSourcesBuildPhase section */
		1009F12325CABAA300E4A47B /* Sources */ = {
			isa = PBXSourcesBuildPhase;
			buildActionMask = 2147483647;
			files = (
				10A7605825CC326E000D369D /* SignUpViewController.swift in Sources */,
				1009F14825CADA8B00E4A47B /* CandyViewController.swift in Sources */,
				1009F14525CAD30700E4A47B /* SignInViewController.swift in Sources */,
				1009F12F25CABAA300E4A47B /* ViewController.swift in Sources */,
				1009F12B25CABAA300E4A47B /* AppDelegate.swift in Sources */,
				1009F12D25CABAA300E4A47B /* SceneDelegate.swift in Sources */,
			);
			runOnlyForDeploymentPostprocessing = 0;
		};
/* End PBXSourcesBuildPhase section */

/* Begin PBXVariantGroup section */
		1009F13025CABAA300E4A47B /* Main.storyboard */ = {
			isa = PBXVariantGroup;
			children = (
				1009F13125CABAA300E4A47B /* Base */,
			);
			name = Main.storyboard;
			sourceTree = "<group>";
		};
		1009F13525CABAA500E4A47B /* LaunchScreen.storyboard */ = {
			isa = PBXVariantGroup;
			children = (
				1009F13625CABAA500E4A47B /* Base */,
			);
			name = LaunchScreen.storyboard;
			sourceTree = "<group>";
		};
/* End PBXVariantGroup section */

/* Begin XCBuildConfiguration section */
		1009F13925CABAA500E4A47B /* Debug */ = {
			isa = XCBuildConfiguration;
			buildSettings = {
				ALWAYS_SEARCH_USER_PATHS = NO;
				CLANG_ANALYZER_NONNULL = YES;
				CLANG_ANALYZER_NUMBER_OBJECT_CONVERSION = YES_AGGRESSIVE;
				CLANG_CXX_LANGUAGE_STANDARD = "gnu++14";
				CLANG_CXX_LIBRARY = "libc++";
				CLANG_ENABLE_MODULES = YES;
				CLANG_ENABLE_OBJC_ARC = YES;
				CLANG_ENABLE_OBJC_WEAK = YES;
				CLANG_WARN_BLOCK_CAPTURE_AUTORELEASING = YES;
				CLANG_WARN_BOOL_CONVERSION = YES;
				CLANG_WARN_COMMA = YES;
				CLANG_WARN_CONSTANT_CONVERSION = YES;
				CLANG_WARN_DEPRECATED_OBJC_IMPLEMENTATIONS = YES;
				CLANG_WARN_DIRECT_OBJC_ISA_USAGE = YES_ERROR;
				CLANG_WARN_DOCUMENTATION_COMMENTS = YES;
				CLANG_WARN_EMPTY_BODY = YES;
				CLANG_WARN_ENUM_CONVERSION = YES;
				CLANG_WARN_INFINITE_RECURSION = YES;
				CLANG_WARN_INT_CONVERSION = YES;
				CLANG_WARN_NON_LITERAL_NULL_CONVERSION = YES;
				CLANG_WARN_OBJC_IMPLICIT_RETAIN_SELF = YES;
				CLANG_WARN_OBJC_LITERAL_CONVERSION = YES;
				CLANG_WARN_OBJC_ROOT_CLASS = YES_ERROR;
				CLANG_WARN_QUOTED_INCLUDE_IN_FRAMEWORK_HEADER = YES;
				CLANG_WARN_RANGE_LOOP_ANALYSIS = YES;
				CLANG_WARN_STRICT_PROTOTYPES = YES;
				CLANG_WARN_SUSPICIOUS_MOVE = YES;
				CLANG_WARN_UNGUARDED_AVAILABILITY = YES_AGGRESSIVE;
				CLANG_WARN_UNREACHABLE_CODE = YES;
				CLANG_WARN__DUPLICATE_METHOD_MATCH = YES;
				COPY_PHASE_STRIP = NO;
				DEBUG_INFORMATION_FORMAT = dwarf;
				ENABLE_STRICT_OBJC_MSGSEND = YES;
				ENABLE_TESTABILITY = YES;
				GCC_C_LANGUAGE_STANDARD = gnu11;
				GCC_DYNAMIC_NO_PIC = NO;
				GCC_NO_COMMON_BLOCKS = YES;
				GCC_OPTIMIZATION_LEVEL = 0;
				GCC_PREPROCESSOR_DEFINITIONS = (
					"DEBUG=1",
					"$(inherited)",
				);
				GCC_WARN_64_TO_32_BIT_CONVERSION = YES;
				GCC_WARN_ABOUT_RETURN_TYPE = YES_ERROR;
				GCC_WARN_UNDECLARED_SELECTOR = YES;
				GCC_WARN_UNINITIALIZED_AUTOS = YES_AGGRESSIVE;
				GCC_WARN_UNUSED_FUNCTION = YES;
				GCC_WARN_UNUSED_VARIABLE = YES;
				IPHONEOS_DEPLOYMENT_TARGET = 14.4;
				MTL_ENABLE_DEBUG_INFO = INCLUDE_SOURCE;
				MTL_FAST_MATH = YES;
				ONLY_ACTIVE_ARCH = YES;
				SDKROOT = iphoneos;
				SWIFT_ACTIVE_COMPILATION_CONDITIONS = DEBUG;
				SWIFT_OPTIMIZATION_LEVEL = "-Onone";
			};
			name = Debug;
		};
		1009F13A25CABAA500E4A47B /* Release */ = {
			isa = XCBuildConfiguration;
			buildSettings = {
				ALWAYS_SEARCH_USER_PATHS = NO;
				CLANG_ANALYZER_NONNULL = YES;
				CLANG_ANALYZER_NUMBER_OBJECT_CONVERSION = YES_AGGRESSIVE;
				CLANG_CXX_LANGUAGE_STANDARD = "gnu++14";
				CLANG_CXX_LIBRARY = "libc++";
				CLANG_ENABLE_MODULES = YES;
				CLANG_ENABLE_OBJC_ARC = YES;
				CLANG_ENABLE_OBJC_WEAK = YES;
				CLANG_WARN_BLOCK_CAPTURE_AUTORELEASING = YES;
				CLANG_WARN_BOOL_CONVERSION = YES;
				CLANG_WARN_COMMA = YES;
				CLANG_WARN_CONSTANT_CONVERSION = YES;
				CLANG_WARN_DEPRECATED_OBJC_IMPLEMENTATIONS = YES;
				CLANG_WARN_DIRECT_OBJC_ISA_USAGE = YES_ERROR;
				CLANG_WARN_DOCUMENTATION_COMMENTS = YES;
				CLANG_WARN_EMPTY_BODY = YES;
				CLANG_WARN_ENUM_CONVERSION = YES;
				CLANG_WARN_INFINITE_RECURSION = YES;
				CLANG_WARN_INT_CONVERSION = YES;
				CLANG_WARN_NON_LITERAL_NULL_CONVERSION = YES;
				CLANG_WARN_OBJC_IMPLICIT_RETAIN_SELF = YES;
				CLANG_WARN_OBJC_LITERAL_CONVERSION = YES;
				CLANG_WARN_OBJC_ROOT_CLASS = YES_ERROR;
				CLANG_WARN_QUOTED_INCLUDE_IN_FRAMEWORK_HEADER = YES;
				CLANG_WARN_RANGE_LOOP_ANALYSIS = YES;
				CLANG_WARN_STRICT_PROTOTYPES = YES;
				CLANG_WARN_SUSPICIOUS_MOVE = YES;
				CLANG_WARN_UNGUARDED_AVAILABILITY = YES_AGGRESSIVE;
				CLANG_WARN_UNREACHABLE_CODE = YES;
				CLANG_WARN__DUPLICATE_METHOD_MATCH = YES;
				COPY_PHASE_STRIP = NO;
				DEBUG_INFORMATION_FORMAT = "dwarf-with-dsym";
				ENABLE_NS_ASSERTIONS = NO;
				ENABLE_STRICT_OBJC_MSGSEND = YES;
				GCC_C_LANGUAGE_STANDARD = gnu11;
				GCC_NO_COMMON_BLOCKS = YES;
				GCC_WARN_64_TO_32_BIT_CONVERSION = YES;
				GCC_WARN_ABOUT_RETURN_TYPE = YES_ERROR;
				GCC_WARN_UNDECLARED_SELECTOR = YES;
				GCC_WARN_UNINITIALIZED_AUTOS = YES_AGGRESSIVE;
				GCC_WARN_UNUSED_FUNCTION = YES;
				GCC_WARN_UNUSED_VARIABLE = YES;
				IPHONEOS_DEPLOYMENT_TARGET = 14.4;
				MTL_ENABLE_DEBUG_INFO = NO;
				MTL_FAST_MATH = YES;
				SDKROOT = iphoneos;
				SWIFT_COMPILATION_MODE = wholemodule;
				SWIFT_OPTIMIZATION_LEVEL = "-O";
				VALIDATE_PRODUCT = YES;
			};
			name = Release;
		};
		1009F13C25CABAA500E4A47B /* Debug */ = {
			isa = XCBuildConfiguration;
			buildSettings = {
				ASSETCATALOG_COMPILER_APPICON_NAME = AppIcon;
				ASSETCATALOG_COMPILER_GLOBAL_ACCENT_COLOR_NAME = AccentColor;
				CODE_SIGN_STYLE = Automatic;
				INFOPLIST_FILE = Peter_Animation/Info.plist;
				LD_RUNPATH_SEARCH_PATHS = (
					"$(inherited)",
					"@executable_path/Frameworks",
				);
				PRODUCT_BUNDLE_IDENTIFIER = "Random.Peter-Animation";
				PRODUCT_NAME = "$(TARGET_NAME)";
				SWIFT_VERSION = 5.0;
				TARGETED_DEVICE_FAMILY = "1,2";
			};
			name = Debug;
		};
		1009F13D25CABAA500E4A47B /* Release */ = {
			isa = XCBuildConfiguration;
			buildSettings = {
				ASSETCATALOG_COMPILER_APPICON_NAME = AppIcon;
				ASSETCATALOG_COMPILER_GLOBAL_ACCENT_COLOR_NAME = AccentColor;
				CODE_SIGN_STYLE = Automatic;
				INFOPLIST_FILE = Peter_Animation/Info.plist;
				LD_RUNPATH_SEARCH_PATHS = (
					"$(inherited)",
					"@executable_path/Frameworks",
				);
				PRODUCT_BUNDLE_IDENTIFIER = "Random.Peter-Animation";
				PRODUCT_NAME = "$(TARGET_NAME)";
				SWIFT_VERSION = 5.0;
				TARGETED_DEVICE_FAMILY = "1,2";
			};
			name = Release;
		};
/* End XCBuildConfiguration section */

/* Begin XCConfigurationList section */
		1009F12225CABAA300E4A47B /* Build configuration list for PBXProject "Peter_Animation" */ = {
			isa = XCConfigurationList;
			buildConfigurations = (
				1009F13925CABAA500E4A47B /* Debug */,
				1009F13A25CABAA500E4A47B /* Release */,
			);
			defaultConfigurationIsVisible = 0;
			defaultConfigurationName = Release;
		};
		1009F13B25CABAA500E4A47B /* Build configuration list for PBXNativeTarget "Peter_Animation" */ = {
			isa = XCConfigurationList;
			buildConfigurations = (
				1009F13C25CABAA500E4A47B /* Debug */,
				1009F13D25CABAA500E4A47B /* Release */,
			);
			defaultConfigurationIsVisible = 0;
			defaultConfigurationName = Release;
		};
/* End XCConfigurationList section */
	};
	rootObject = 1009F11F25CABAA300E4A47B /* Project object */;
}
